{
  "requires": true,
  "lockfileVersion": 1,
  "dependencies": {
    "vue-collection-cluster": {
      "version": "1.0.11",
      "resolved": "https://registry.npmjs.org/vue-collection-cluster/-/vue-collection-cluster-1.0.11.tgz",
      "integrity": "sha512-EuA0WnKqqnUSmia+TpY3Q6g0KP1wMmuq52cwqIIPBMkbpqHvwsHbRiHHV8oPjh6gT9eZ4PSObkLWLeshIkMsjw=="
    }
  }
}
